{
  "name": "wasmati-examples",
  "version": "1.0.0",
  "lockfileVersion": 3,
  "requires": true,
  "packages": {
    "": {
      "name": "wasmati-examples",
      "version": "1.0.0",
      "license": "ISC",
      "dependencies": {
        "typescript": "^5.0.4",
        "wasmati": "^0.1.9"
      }
    },
    "node_modules/ieee754": {
      "version": "1.2.1",
      "resolved": "https://registry.npmjs.org/ieee754/-/ieee754-1.2.1.tgz",
      "integrity": "sha512-dcyqhDvX1C46lXZcVqCpK+FtMRQVdIMN6/Df5js2zouUsqG7I6sFxitIC+7KYK29KdXOLHdu9zL4sFnoVQnqaA==",
      "funding": [
        {
          "type": "github",
          "url": "https://github.com/sponsors/feross"
        },
        {
          "type": "patreon",
          "url": "https://www.patreon.com/feross"
        },
        {
          "type": "consulting",
          "url": "https://feross.org/support"
        }
      ]
    },
    "node_modules/typescript": {
      "version": "5.0.4",
      "resolved": "https://registry.npmjs.org/typescript/-/typescript-5.0.4.tgz",
      "integrity": "sha512-cW9T5W9xY37cc+jfEnaUvX91foxtHkza3Nw3wkoF4sSlKn0MONdkdEndig/qPBWXNkmplh3NzayQzCiHM4/hqw==",
      "bin": {
        "tsc": "bin/tsc",
        "tsserver": "bin/tsserver"
      },
      "engines": {
        "node": ">=12.20"
      }
    },
    "node_modules/wasmati": {
      "version": "0.1.9",
      "resolved": "https://registry.npmjs.org/wasmati/-/wasmati-0.1.9.tgz",
      "integrity": "sha512-G1lIWaT8PQyS+7ptGK4YCWAfHZcFRz7t7XLRmL/RRqymje9V4qxFIfGA2m9xZFMe8JAXRq3UBuhJMDQSeApKUg==",
      "dependencies": {
        "ieee754": "^1.2.1"
      }
    }
  }
}
